// !$*UTF8*$!
{
	archiveVersion = 1;
	classes = {
	};
	objectVersion = 46;
	objects = {

/* Begin PBXBuildFile section */
		5A1BD6611E44894500FF8A20 /* AppDelegate.swift in Sources */ = {isa = PBXBuildFile; fileRef = 5A1BD6601E44894500FF8A20 /* AppDelegate.swift */; };
		5A1BD6671E44894500FF8A20 /* GameScene.swift in Sources */ = {isa = PBXBuildFile; fileRef = 5A1BD6661E44894500FF8A20 /* GameScene.swift */; };
		5A1BD6691E44894500FF8A20 /* GameViewController.swift in Sources */ = {isa = PBXBuildFile; fileRef = 5A1BD6681E44894500FF8A20 /* GameViewController.swift */; };
		5A1BD66C1E44894500FF8A20 /* Main.storyboard in Resources */ = {isa = PBXBuildFile; fileRef = 5A1BD66A1E44894500FF8A20 /* Main.storyboard */; };
		5A1BD66E1E44894500FF8A20 /* Assets.xcassets in Resources */ = {isa = PBXBuildFile; fileRef = 5A1BD66D1E44894500FF8A20 /* Assets.xcassets */; };
		5A1BD6711E44894500FF8A20 /* LaunchScreen.storyboard in Resources */ = {isa = PBXBuildFile; fileRef = 5A1BD66F1E44894500FF8A20 /* LaunchScreen.storyboard */; };
		5A1BD6791E44AEA100FF8A20 /* GameOverScene.swift in Sources */ = {isa = PBXBuildFile; fileRef = 5A1BD6781E44AEA100FF8A20 /* GameOverScene.swift */; };
		5A69964A1E55A20900B64540 /* Calculation.swift in Sources */ = {isa = PBXBuildFile; fileRef = 5A6996491E55A20900B64540 /* Calculation.swift */; };
		7A1B9BE61E4C37B300DC5DBD /* Pause Menu.png in Resources */ = {isa = PBXBuildFile; fileRef = 7A1B9BB21E4C37B300DC5DBD /* Pause Menu.png */; };
		7A1B9BE71E4C37B300DC5DBD /* Quit Button 2.png in Resources */ = {isa = PBXBuildFile; fileRef = 7A1B9BB31E4C37B300DC5DBD /* Quit Button 2.png */; };
		7A1B9BE81E4C37B300DC5DBD /* Resume Button.png in Resources */ = {isa = PBXBuildFile; fileRef = 7A1B9BB41E4C37B300DC5DBD /* Resume Button.png */; };
		7A1B9BE91E4C37B300DC5DBD /* Show Score.png in Resources */ = {isa = PBXBuildFile; fileRef = 7A1B9BB51E4C37B300DC5DBD /* Show Score.png */; };
		7A1B9BEA1E4C37B300DC5DBD /* Coin.png in Resources */ = {isa = PBXBuildFile; fileRef = 7A1B9BB71E4C37B300DC5DBD /* Coin.png */; };
		7A1B9BEB1E4C37B300DC5DBD /* Life.png in Resources */ = {isa = PBXBuildFile; fileRef = 7A1B9BB81E4C37B300DC5DBD /* Life.png */; };
		7A1B9BEC1E4C37B300DC5DBD /* Player.atlas in Resources */ = {isa = PBXBuildFile; fileRef = 7A1B9BB91E4C37B300DC5DBD /* Player.atlas */; };
		7A1B9BED1E4C37B300DC5DBD /* Player 1.png in Resources */ = {isa = PBXBuildFile; fileRef = 7A1B9BBB1E4C37B300DC5DBD /* Player 1.png */; };
		7A1B9BEE1E4C37B300DC5DBD /* Player 2.png in Resources */ = {isa = PBXBuildFile; fileRef = 7A1B9BBC1E4C37B300DC5DBD /* Player 2.png */; };
		7A1B9BEF1E4C37B300DC5DBD /* Player 3.png in Resources */ = {isa = PBXBuildFile; fileRef = 7A1B9BBD1E4C37B300DC5DBD /* Player 3.png */; };
		7A1B9BF01E4C37B300DC5DBD /* Player 4.png in Resources */ = {isa = PBXBuildFile; fileRef = 7A1B9BBE1E4C37B300DC5DBD /* Player 4.png */; };
		7A1B9BF11E4C37B300DC5DBD /* Player 5.png in Resources */ = {isa = PBXBuildFile; fileRef = 7A1B9BBF1E4C37B300DC5DBD /* Player 5.png */; };
		7A1B9BF21E4C37B300DC5DBD /* Player 6.png in Resources */ = {isa = PBXBuildFile; fileRef = 7A1B9BC01E4C37B300DC5DBD /* Player 6.png */; };
		7A1B9BF31E4C37B300DC5DBD /* Player 7.png in Resources */ = {isa = PBXBuildFile; fileRef = 7A1B9BC11E4C37B300DC5DBD /* Player 7.png */; };
		7A1B9BF41E4C37B300DC5DBD /* Player 8.png in Resources */ = {isa = PBXBuildFile; fileRef = 7A1B9BC21E4C37B300DC5DBD /* Player 8.png */; };
		7A1B9BF51E4C37B300DC5DBD /* Cloud 1.png in Resources */ = {isa = PBXBuildFile; fileRef = 7A1B9BC41E4C37B300DC5DBD /* Cloud 1.png */; };
		7A1B9BF61E4C37B300DC5DBD /* Cloud 2.png in Resources */ = {isa = PBXBuildFile; fileRef = 7A1B9BC51E4C37B300DC5DBD /* Cloud 2.png */; };
		7A1B9BF71E4C37B300DC5DBD /* Cloud 3.png in Resources */ = {isa = PBXBuildFile; fileRef = 7A1B9BC61E4C37B300DC5DBD /* Cloud 3.png */; };
		7A1B9BF81E4C37B300DC5DBD /* Dark Cloud.png in Resources */ = {isa = PBXBuildFile; fileRef = 7A1B9BC71E4C37B300DC5DBD /* Dark Cloud.png */; };
		7A1B9BF91E4C37B300DC5DBD /* blow.ttf in Resources */ = {isa = PBXBuildFile; fileRef = 7A1B9BC91E4C37B300DC5DBD /* blow.ttf */; };
		7A1B9BFA1E4C37B300DC5DBD /* Background music.mp3 in Resources */ = {isa = PBXBuildFile; fileRef = 7A1B9BCB1E4C37B300DC5DBD /* Background music.mp3 */; };
		7A1B9BFB1E4C37B300DC5DBD /* Click Sound.wav in Resources */ = {isa = PBXBuildFile; fileRef = 7A1B9BCC1E4C37B300DC5DBD /* Click Sound.wav */; };
		7A1B9BFC1E4C37B300DC5DBD /* Coin Sound.wav in Resources */ = {isa = PBXBuildFile; fileRef = 7A1B9BCD1E4C37B300DC5DBD /* Coin Sound.wav */; };
		7A1B9BFD1E4C37B300DC5DBD /* Life Sound.wav in Resources */ = {isa = PBXBuildFile; fileRef = 7A1B9BCE1E4C37B300DC5DBD /* Life Sound.wav */; };
		7A1B9BFE1E4C37B300DC5DBD /* Game BG.png in Resources */ = {isa = PBXBuildFile; fileRef = 7A1B9BD01E4C37B300DC5DBD /* Game BG.png */; };
		7A1B9BFF1E4C37B300DC5DBD /* Highscore BG.png in Resources */ = {isa = PBXBuildFile; fileRef = 7A1B9BD11E4C37B300DC5DBD /* Highscore BG.png */; };
		7A1B9C001E4C37B300DC5DBD /* Menu BG.png in Resources */ = {isa = PBXBuildFile; fileRef = 7A1B9BD21E4C37B300DC5DBD /* Menu BG.png */; };
		7A1B9C011E4C37B300DC5DBD /* Options BG.png in Resources */ = {isa = PBXBuildFile; fileRef = 7A1B9BD31E4C37B300DC5DBD /* Options BG.png */; };
		7A1B9C021E4C37B300DC5DBD /* Pause Button.png in Resources */ = {isa = PBXBuildFile; fileRef = 7A1B9BD61E4C37B300DC5DBD /* Pause Button.png */; };
		7A1B9C031E4C37B300DC5DBD /* Ready.png in Resources */ = {isa = PBXBuildFile; fileRef = 7A1B9BD71E4C37B300DC5DBD /* Ready.png */; };
		7A1B9C041E4C37B300DC5DBD /* Score.png in Resources */ = {isa = PBXBuildFile; fileRef = 7A1B9BD81E4C37B300DC5DBD /* Score.png */; };
		7A1B9C051E4C37B300DC5DBD /* Back Button.png in Resources */ = {isa = PBXBuildFile; fileRef = 7A1B9BDA1E4C37B300DC5DBD /* Back Button.png */; };
		7A1B9C061E4C37B300DC5DBD /* Check Sign.png in Resources */ = {isa = PBXBuildFile; fileRef = 7A1B9BDB1E4C37B300DC5DBD /* Check Sign.png */; };
		7A1B9C071E4C37B300DC5DBD /* Easy Button.png in Resources */ = {isa = PBXBuildFile; fileRef = 7A1B9BDC1E4C37B300DC5DBD /* Easy Button.png */; };
		7A1B9C081E4C37B300DC5DBD /* Hard Button.png in Resources */ = {isa = PBXBuildFile; fileRef = 7A1B9BDD1E4C37B300DC5DBD /* Hard Button.png */; };
		7A1B9C091E4C37B300DC5DBD /* Medium Button.png in Resources */ = {isa = PBXBuildFile; fileRef = 7A1B9BDE1E4C37B300DC5DBD /* Medium Button.png */; };
		7A1B9C0A1E4C37B300DC5DBD /* Highscore Button.png in Resources */ = {isa = PBXBuildFile; fileRef = 7A1B9BE01E4C37B300DC5DBD /* Highscore Button.png */; };
		7A1B9C0B1E4C37B300DC5DBD /* Music Off Button.png in Resources */ = {isa = PBXBuildFile; fileRef = 7A1B9BE11E4C37B300DC5DBD /* Music Off Button.png */; };
		7A1B9C0C1E4C37B300DC5DBD /* Music On Button.png in Resources */ = {isa = PBXBuildFile; fileRef = 7A1B9BE21E4C37B300DC5DBD /* Music On Button.png */; };
		7A1B9C0D1E4C37B300DC5DBD /* Options Button.png in Resources */ = {isa = PBXBuildFile; fileRef = 7A1B9BE31E4C37B300DC5DBD /* Options Button.png */; };
		7A1B9C0E1E4C37B300DC5DBD /* Quit Button.png in Resources */ = {isa = PBXBuildFile; fileRef = 7A1B9BE41E4C37B300DC5DBD /* Quit Button.png */; };
		7A1B9C0F1E4C37B300DC5DBD /* Start Game Button.png in Resources */ = {isa = PBXBuildFile; fileRef = 7A1B9BE51E4C37B300DC5DBD /* Start Game Button.png */; };
		7A1B9C121E4C398F00DC5DBD /* GameplayScene.sks in Resources */ = {isa = PBXBuildFile; fileRef = 7A1B9C111E4C398F00DC5DBD /* GameplayScene.sks */; };
		7A1B9C161E4C40B400DC5DBD /* GameplayScene.swift in Sources */ = {isa = PBXBuildFile; fileRef = 7A1B9C151E4C40B400DC5DBD /* GameplayScene.swift */; };
		7A1B9C191E4C495D00DC5DBD /* Hero.swift in Sources */ = {isa = PBXBuildFile; fileRef = 7A1B9C181E4C495D00DC5DBD /* Hero.swift */; };
		7A1B9C1B1E4C615600DC5DBD /* MainMenu.sks in Resources */ = {isa = PBXBuildFile; fileRef = 7A1B9C1A1E4C615600DC5DBD /* MainMenu.sks */; };
		7A7B0E101E5587440034C098 /* PhysicsCategory.swift in Sources */ = {isa = PBXBuildFile; fileRef = 7A7B0E0F1E5587440034C098 /* PhysicsCategory.swift */; };
		7A8242711E4D3E1B0056A573 /* MainMenuScene.swift in Sources */ = {isa = PBXBuildFile; fileRef = 7A8242701E4D3E1B0056A573 /* MainMenuScene.swift */; };
		7A8242731E4D42930056A573 /* HignscoreScene.sks in Resources */ = {isa = PBXBuildFile; fileRef = 7A8242721E4D42930056A573 /* HignscoreScene.sks */; };
		7A87E9E61E4DB3B000FCC26C /* Menu BG2.png in Resources */ = {isa = PBXBuildFile; fileRef = 7A87E9E51E4DB3B000FCC26C /* Menu BG2.png */; };
		7AC212481E54DA3400F5551C /* Enemy.swift in Sources */ = {isa = PBXBuildFile; fileRef = 7AC212471E54DA3400F5551C /* Enemy.swift */; };
		7AC2124B1E54DF6F00F5551C /* Weapon.swift in Sources */ = {isa = PBXBuildFile; fileRef = 7AC2124A1E54DF6F00F5551C /* Weapon.swift */; };
		7AC2124D1E54DFCD00F5551C /* Bullet.swift in Sources */ = {isa = PBXBuildFile; fileRef = 7AC2124C1E54DFCD00F5551C /* Bullet.swift */; };
		7AC2124F1E54E01F00F5551C /* Missile.swift in Sources */ = {isa = PBXBuildFile; fileRef = 7AC2124E1E54E01F00F5551C /* Missile.swift */; };
		7AC212511E54E71C00F5551C /* Bomb.swift in Sources */ = {isa = PBXBuildFile; fileRef = 7AC212501E54E71C00F5551C /* Bomb.swift */; };
		7AC212531E54E75300F5551C /* Laser.swift in Sources */ = {isa = PBXBuildFile; fileRef = 7AC212521E54E75300F5551C /* Laser.swift */; };
		7AC212561E54ECAC00F5551C /* Supplement.swift in Sources */ = {isa = PBXBuildFile; fileRef = 7AC212551E54ECAC00F5551C /* Supplement.swift */; };
/* End PBXBuildFile section */

/* Begin PBXFileReference section */
		5A1BD65D1E44894500FF8A20 /* FightingWarplanes.app */ = {isa = PBXFileReference; explicitFileType = wrapper.application; includeInIndex = 0; path = FightingWarplanes.app; sourceTree = BUILT_PRODUCTS_DIR; };
		5A1BD6601E44894500FF8A20 /* AppDelegate.swift */ = {isa = PBXFileReference; lastKnownFileType = sourcecode.swift; path = AppDelegate.swift; sourceTree = "<group>"; };
		5A1BD6661E44894500FF8A20 /* GameScene.swift */ = {isa = PBXFileReference; lastKnownFileType = sourcecode.swift; path = GameScene.swift; sourceTree = "<group>"; };
		5A1BD6681E44894500FF8A20 /* GameViewController.swift */ = {isa = PBXFileReference; lastKnownFileType = sourcecode.swift; path = GameViewController.swift; sourceTree = "<group>"; };
		5A1BD66B1E44894500FF8A20 /* Base */ = {isa = PBXFileReference; lastKnownFileType = file.storyboard; name = Base; path = Base.lproj/Main.storyboard; sourceTree = "<group>"; };
		5A1BD66D1E44894500FF8A20 /* Assets.xcassets */ = {isa = PBXFileReference; lastKnownFileType = folder.assetcatalog; path = Assets.xcassets; sourceTree = "<group>"; };
		5A1BD6701E44894500FF8A20 /* Base */ = {isa = PBXFileReference; lastKnownFileType = file.storyboard; name = Base; path = Base.lproj/LaunchScreen.storyboard; sourceTree = "<group>"; };
		5A1BD6721E44894500FF8A20 /* Info.plist */ = {isa = PBXFileReference; lastKnownFileType = text.plist.xml; path = Info.plist; sourceTree = "<group>"; };
		5A1BD6781E44AEA100FF8A20 /* GameOverScene.swift */ = {isa = PBXFileReference; fileEncoding = 4; lastKnownFileType = sourcecode.swift; path = GameOverScene.swift; sourceTree = "<group>"; };
		5A6996491E55A20900B64540 /* Calculation.swift */ = {isa = PBXFileReference; fileEncoding = 4; lastKnownFileType = sourcecode.swift; path = Calculation.swift; sourceTree = "<group>"; };
		7A1B9BB21E4C37B300DC5DBD /* Pause Menu.png */ = {isa = PBXFileReference; lastKnownFileType = image.png; path = "Pause Menu.png"; sourceTree = "<group>"; };
		7A1B9BB31E4C37B300DC5DBD /* Quit Button 2.png */ = {isa = PBXFileReference; lastKnownFileType = image.png; path = "Quit Button 2.png"; sourceTree = "<group>"; };
		7A1B9BB41E4C37B300DC5DBD /* Resume Button.png */ = {isa = PBXFileReference; lastKnownFileType = image.png; path = "Resume Button.png"; sourceTree = "<group>"; };
		7A1B9BB51E4C37B300DC5DBD /* Show Score.png */ = {isa = PBXFileReference; lastKnownFileType = image.png; path = "Show Score.png"; sourceTree = "<group>"; };
		7A1B9BB71E4C37B300DC5DBD /* Coin.png */ = {isa = PBXFileReference; lastKnownFileType = image.png; path = Coin.png; sourceTree = "<group>"; };
		7A1B9BB81E4C37B300DC5DBD /* Life.png */ = {isa = PBXFileReference; lastKnownFileType = image.png; path = Life.png; sourceTree = "<group>"; };
		7A1B9BB91E4C37B300DC5DBD /* Player.atlas */ = {isa = PBXFileReference; lastKnownFileType = folder.skatlas; path = Player.atlas; sourceTree = "<group>"; };
		7A1B9BBB1E4C37B300DC5DBD /* Player 1.png */ = {isa = PBXFileReference; lastKnownFileType = image.png; path = "Player 1.png"; sourceTree = "<group>"; };
		7A1B9BBC1E4C37B300DC5DBD /* Player 2.png */ = {isa = PBXFileReference; lastKnownFileType = image.png; path = "Player 2.png"; sourceTree = "<group>"; };
		7A1B9BBD1E4C37B300DC5DBD /* Player 3.png */ = {isa = PBXFileReference; lastKnownFileType = image.png; path = "Player 3.png"; sourceTree = "<group>"; };
		7A1B9BBE1E4C37B300DC5DBD /* Player 4.png */ = {isa = PBXFileReference; lastKnownFileType = image.png; path = "Player 4.png"; sourceTree = "<group>"; };
		7A1B9BBF1E4C37B300DC5DBD /* Player 5.png */ = {isa = PBXFileReference; lastKnownFileType = image.png; path = "Player 5.png"; sourceTree = "<group>"; };
		7A1B9BC01E4C37B300DC5DBD /* Player 6.png */ = {isa = PBXFileReference; lastKnownFileType = image.png; path = "Player 6.png"; sourceTree = "<group>"; };
		7A1B9BC11E4C37B300DC5DBD /* Player 7.png */ = {isa = PBXFileReference; lastKnownFileType = image.png; path = "Player 7.png"; sourceTree = "<group>"; };
		7A1B9BC21E4C37B300DC5DBD /* Player 8.png */ = {isa = PBXFileReference; lastKnownFileType = image.png; path = "Player 8.png"; sourceTree = "<group>"; };
		7A1B9BC41E4C37B300DC5DBD /* Cloud 1.png */ = {isa = PBXFileReference; lastKnownFileType = image.png; path = "Cloud 1.png"; sourceTree = "<group>"; };
		7A1B9BC51E4C37B300DC5DBD /* Cloud 2.png */ = {isa = PBXFileReference; lastKnownFileType = image.png; path = "Cloud 2.png"; sourceTree = "<group>"; };
		7A1B9BC61E4C37B300DC5DBD /* Cloud 3.png */ = {isa = PBXFileReference; lastKnownFileType = image.png; path = "Cloud 3.png"; sourceTree = "<group>"; };
		7A1B9BC71E4C37B300DC5DBD /* Dark Cloud.png */ = {isa = PBXFileReference; lastKnownFileType = image.png; path = "Dark Cloud.png"; sourceTree = "<group>"; };
		7A1B9BC91E4C37B300DC5DBD /* blow.ttf */ = {isa = PBXFileReference; lastKnownFileType = file; path = blow.ttf; sourceTree = "<group>"; };
		7A1B9BCB1E4C37B300DC5DBD /* Background music.mp3 */ = {isa = PBXFileReference; lastKnownFileType = audio.mp3; path = "Background music.mp3"; sourceTree = "<group>"; };
		7A1B9BCC1E4C37B300DC5DBD /* Click Sound.wav */ = {isa = PBXFileReference; lastKnownFileType = audio.wav; path = "Click Sound.wav"; sourceTree = "<group>"; };
		7A1B9BCD1E4C37B300DC5DBD /* Coin Sound.wav */ = {isa = PBXFileReference; lastKnownFileType = audio.wav; path = "Coin Sound.wav"; sourceTree = "<group>"; };
		7A1B9BCE1E4C37B300DC5DBD /* Life Sound.wav */ = {isa = PBXFileReference; lastKnownFileType = audio.wav; path = "Life Sound.wav"; sourceTree = "<group>"; };
		7A1B9BD01E4C37B300DC5DBD /* Game BG.png */ = {isa = PBXFileReference; lastKnownFileType = image.png; path = "Game BG.png"; sourceTree = "<group>"; };
		7A1B9BD11E4C37B300DC5DBD /* Highscore BG.png */ = {isa = PBXFileReference; lastKnownFileType = image.png; path = "Highscore BG.png"; sourceTree = "<group>"; };
		7A1B9BD21E4C37B300DC5DBD /* Menu BG.png */ = {isa = PBXFileReference; lastKnownFileType = image.png; path = "Menu BG.png"; sourceTree = "<group>"; };
		7A1B9BD31E4C37B300DC5DBD /* Options BG.png */ = {isa = PBXFileReference; lastKnownFileType = image.png; path = "Options BG.png"; sourceTree = "<group>"; };
		7A1B9BD61E4C37B300DC5DBD /* Pause Button.png */ = {isa = PBXFileReference; lastKnownFileType = image.png; path = "Pause Button.png"; sourceTree = "<group>"; };
		7A1B9BD71E4C37B300DC5DBD /* Ready.png */ = {isa = PBXFileReference; lastKnownFileType = image.png; path = Ready.png; sourceTree = "<group>"; };
		7A1B9BD81E4C37B300DC5DBD /* Score.png */ = {isa = PBXFileReference; lastKnownFileType = image.png; path = Score.png; sourceTree = "<group>"; };
		7A1B9BDA1E4C37B300DC5DBD /* Back Button.png */ = {isa = PBXFileReference; lastKnownFileType = image.png; path = "Back Button.png"; sourceTree = "<group>"; };
		7A1B9BDB1E4C37B300DC5DBD /* Check Sign.png */ = {isa = PBXFileReference; lastKnownFileType = image.png; path = "Check Sign.png"; sourceTree = "<group>"; };
		7A1B9BDC1E4C37B300DC5DBD /* Easy Button.png */ = {isa = PBXFileReference; lastKnownFileType = image.png; path = "Easy Button.png"; sourceTree = "<group>"; };
		7A1B9BDD1E4C37B300DC5DBD /* Hard Button.png */ = {isa = PBXFileReference; lastKnownFileType = image.png; path = "Hard Button.png"; sourceTree = "<group>"; };
		7A1B9BDE1E4C37B300DC5DBD /* Medium Button.png */ = {isa = PBXFileReference; lastKnownFileType = image.png; path = "Medium Button.png"; sourceTree = "<group>"; };
		7A1B9BE01E4C37B300DC5DBD /* Highscore Button.png */ = {isa = PBXFileReference; lastKnownFileType = image.png; path = "Highscore Button.png"; sourceTree = "<group>"; };
		7A1B9BE11E4C37B300DC5DBD /* Music Off Button.png */ = {isa = PBXFileReference; lastKnownFileType = image.png; path = "Music Off Button.png"; sourceTree = "<group>"; };
		7A1B9BE21E4C37B300DC5DBD /* Music On Button.png */ = {isa = PBXFileReference; lastKnownFileType = image.png; path = "Music On Button.png"; sourceTree = "<group>"; };
		7A1B9BE31E4C37B300DC5DBD /* Options Button.png */ = {isa = PBXFileReference; lastKnownFileType = image.png; path = "Options Button.png"; sourceTree = "<group>"; };
		7A1B9BE41E4C37B300DC5DBD /* Quit Button.png */ = {isa = PBXFileReference; lastKnownFileType = image.png; path = "Quit Button.png"; sourceTree = "<group>"; };
		7A1B9BE51E4C37B300DC5DBD /* Start Game Button.png */ = {isa = PBXFileReference; lastKnownFileType = image.png; path = "Start Game Button.png"; sourceTree = "<group>"; };
		7A1B9C111E4C398F00DC5DBD /* GameplayScene.sks */ = {isa = PBXFileReference; lastKnownFileType = file.sks; path = GameplayScene.sks; sourceTree = "<group>"; };
		7A1B9C151E4C40B400DC5DBD /* GameplayScene.swift */ = {isa = PBXFileReference; fileEncoding = 4; lastKnownFileType = sourcecode.swift; path = GameplayScene.swift; sourceTree = "<group>"; };
		7A1B9C181E4C495D00DC5DBD /* Hero.swift */ = {isa = PBXFileReference; fileEncoding = 4; lastKnownFileType = sourcecode.swift; path = Hero.swift; sourceTree = "<group>"; };
		7A1B9C1A1E4C615600DC5DBD /* MainMenu.sks */ = {isa = PBXFileReference; lastKnownFileType = file.sks; path = MainMenu.sks; sourceTree = "<group>"; };
		7A7B0E0F1E5587440034C098 /* PhysicsCategory.swift */ = {isa = PBXFileReference; fileEncoding = 4; lastKnownFileType = sourcecode.swift; path = PhysicsCategory.swift; sourceTree = "<group>"; };
		7A8242701E4D3E1B0056A573 /* MainMenuScene.swift */ = {isa = PBXFileReference; fileEncoding = 4; lastKnownFileType = sourcecode.swift; path = MainMenuScene.swift; sourceTree = "<group>"; };
		7A8242721E4D42930056A573 /* HignscoreScene.sks */ = {isa = PBXFileReference; lastKnownFileType = file.sks; path = HignscoreScene.sks; sourceTree = "<group>"; };
		7A87E9E51E4DB3B000FCC26C /* Menu BG2.png */ = {isa = PBXFileReference; lastKnownFileType = image.png; path = "Menu BG2.png"; sourceTree = "<group>"; };
		7AC212471E54DA3400F5551C /* Enemy.swift */ = {isa = PBXFileReference; fileEncoding = 4; lastKnownFileType = sourcecode.swift; path = Enemy.swift; sourceTree = "<group>"; };
		7AC2124A1E54DF6F00F5551C /* Weapon.swift */ = {isa = PBXFileReference; fileEncoding = 4; lastKnownFileType = sourcecode.swift; path = Weapon.swift; sourceTree = "<group>"; };
		7AC2124C1E54DFCD00F5551C /* Bullet.swift */ = {isa = PBXFileReference; fileEncoding = 4; lastKnownFileType = sourcecode.swift; path = Bullet.swift; sourceTree = "<group>"; };
		7AC2124E1E54E01F00F5551C /* Missile.swift */ = {isa = PBXFileReference; fileEncoding = 4; lastKnownFileType = sourcecode.swift; path = Missile.swift; sourceTree = "<group>"; };
		7AC212501E54E71C00F5551C /* Bomb.swift */ = {isa = PBXFileReference; fileEncoding = 4; lastKnownFileType = sourcecode.swift; path = Bomb.swift; sourceTree = "<group>"; };
		7AC212521E54E75300F5551C /* Laser.swift */ = {isa = PBXFileReference; fileEncoding = 4; lastKnownFileType = sourcecode.swift; path = Laser.swift; sourceTree = "<group>"; };
		7AC212551E54ECAC00F5551C /* Supplement.swift */ = {isa = PBXFileReference; fileEncoding = 4; lastKnownFileType = sourcecode.swift; path = Supplement.swift; sourceTree = "<group>"; };
/* End PBXFileReference section */

/* Begin PBXFrameworksBuildPhase section */
		5A1BD65A1E44894500FF8A20 /* Frameworks */ = {
			isa = PBXFrameworksBuildPhase;
			buildActionMask = 2147483647;
			files = (
			);
			runOnlyForDeploymentPostprocessing = 0;
		};
/* End PBXFrameworksBuildPhase section */

/* Begin PBXGroup section */
		5A1BD6541E44894500FF8A20 = {
			isa = PBXGroup;
			children = (
				7A1B9C131E4C404100DC5DBD /* Game Classes */,
				7A1B9C101E4C393700DC5DBD /* Scenes */,
				7A1B9BB01E4C365500DC5DBD /* Assets */,
				5A1BD65F1E44894500FF8A20 /* FightingWarplanes */,
				5A1BD65E1E44894500FF8A20 /* Products */,
			);
			sourceTree = "<group>";
		};
		5A1BD65E1E44894500FF8A20 /* Products */ = {
			isa = PBXGroup;
			children = (
				5A1BD65D1E44894500FF8A20 /* FightingWarplanes.app */,
			);
			name = Products;
			sourceTree = "<group>";
		};
		5A1BD65F1E44894500FF8A20 /* FightingWarplanes */ = {
			isa = PBXGroup;
			children = (
				5A1BD6601E44894500FF8A20 /* AppDelegate.swift */,
				5A1BD6661E44894500FF8A20 /* GameScene.swift */,
				5A1BD6681E44894500FF8A20 /* GameViewController.swift */,
				5A1BD66A1E44894500FF8A20 /* Main.storyboard */,
				5A1BD66D1E44894500FF8A20 /* Assets.xcassets */,
				5A1BD66F1E44894500FF8A20 /* LaunchScreen.storyboard */,
				5A1BD6721E44894500FF8A20 /* Info.plist */,
				5A1BD6781E44AEA100FF8A20 /* GameOverScene.swift */,
			);
			path = FightingWarplanes;
			sourceTree = "<group>";
		};
		5A6996461E55A0EC00B64540 /* Calculation */ = {
			isa = PBXGroup;
			children = (
				5A6996491E55A20900B64540 /* Calculation.swift */,
			);
			name = Calculation;
			sourceTree = "<group>";
		};
		7A1B9BB01E4C365500DC5DBD /* Assets */ = {
			isa = PBXGroup;
			children = (
				7A1B9BB11E4C37B300DC5DBD /* 1 - Pause Panel And Buttons */,
				7A1B9BB61E4C37B300DC5DBD /* 2 - Collectables */,
				7A1B9BBA1E4C37B300DC5DBD /* 3 - Player */,
				7A1B9BC31E4C37B300DC5DBD /* 4 - Clouds */,
				7A1B9BC81E4C37B300DC5DBD /* 5 - Fonts */,
				7A1B9BCA1E4C37B300DC5DBD /* 6 - Music */,
				7A1B9BCF1E4C37B300DC5DBD /* 7 - Backgrounds */,
				7A1B9BD41E4C37B300DC5DBD /* 8 - Buttons */,
			);
			name = Assets;
			sourceTree = "<group>";
		};
		7A1B9BB11E4C37B300DC5DBD /* 1 - Pause Panel And Buttons */ = {
			isa = PBXGroup;
			children = (
				7A1B9BB21E4C37B300DC5DBD /* Pause Menu.png */,
				7A1B9BB31E4C37B300DC5DBD /* Quit Button 2.png */,
				7A1B9BB41E4C37B300DC5DBD /* Resume Button.png */,
				7A1B9BB51E4C37B300DC5DBD /* Show Score.png */,
			);
			path = "1 - Pause Panel And Buttons";
			sourceTree = "<group>";
		};
		7A1B9BB61E4C37B300DC5DBD /* 2 - Collectables */ = {
			isa = PBXGroup;
			children = (
				7A1B9BB71E4C37B300DC5DBD /* Coin.png */,
				7A1B9BB81E4C37B300DC5DBD /* Life.png */,
				7A1B9BB91E4C37B300DC5DBD /* Player.atlas */,
			);
			path = "2 - Collectables";
			sourceTree = "<group>";
		};
		7A1B9BBA1E4C37B300DC5DBD /* 3 - Player */ = {
			isa = PBXGroup;
			children = (
				7A1B9BBB1E4C37B300DC5DBD /* Player 1.png */,
				7A1B9BBC1E4C37B300DC5DBD /* Player 2.png */,
				7A1B9BBD1E4C37B300DC5DBD /* Player 3.png */,
				7A1B9BBE1E4C37B300DC5DBD /* Player 4.png */,
				7A1B9BBF1E4C37B300DC5DBD /* Player 5.png */,
				7A1B9BC01E4C37B300DC5DBD /* Player 6.png */,
				7A1B9BC11E4C37B300DC5DBD /* Player 7.png */,
				7A1B9BC21E4C37B300DC5DBD /* Player 8.png */,
			);
			path = "3 - Player";
			sourceTree = "<group>";
		};
		7A1B9BC31E4C37B300DC5DBD /* 4 - Clouds */ = {
			isa = PBXGroup;
			children = (
				7A1B9BC41E4C37B300DC5DBD /* Cloud 1.png */,
				7A1B9BC51E4C37B300DC5DBD /* Cloud 2.png */,
				7A1B9BC61E4C37B300DC5DBD /* Cloud 3.png */,
				7A1B9BC71E4C37B300DC5DBD /* Dark Cloud.png */,
			);
			path = "4 - Clouds";
			sourceTree = "<group>";
		};
		7A1B9BC81E4C37B300DC5DBD /* 5 - Fonts */ = {
			isa = PBXGroup;
			children = (
				7A1B9BC91E4C37B300DC5DBD /* blow.ttf */,
			);
			path = "5 - Fonts";
			sourceTree = "<group>";
		};
		7A1B9BCA1E4C37B300DC5DBD /* 6 - Music */ = {
			isa = PBXGroup;
			children = (
				7A1B9BCB1E4C37B300DC5DBD /* Background music.mp3 */,
				7A1B9BCC1E4C37B300DC5DBD /* Click Sound.wav */,
				7A1B9BCD1E4C37B300DC5DBD /* Coin Sound.wav */,
				7A1B9BCE1E4C37B300DC5DBD /* Life Sound.wav */,
			);
			path = "6 - Music";
			sourceTree = "<group>";
		};
		7A1B9BCF1E4C37B300DC5DBD /* 7 - Backgrounds */ = {
			isa = PBXGroup;
			children = (
				7A87E9E51E4DB3B000FCC26C /* Menu BG2.png */,
				7A1B9BD01E4C37B300DC5DBD /* Game BG.png */,
				7A1B9BD11E4C37B300DC5DBD /* Highscore BG.png */,
				7A1B9BD21E4C37B300DC5DBD /* Menu BG.png */,
				7A1B9BD31E4C37B300DC5DBD /* Options BG.png */,
			);
			path = "7 - Backgrounds";
			sourceTree = "<group>";
		};
		7A1B9BD41E4C37B300DC5DBD /* 8 - Buttons */ = {
			isa = PBXGroup;
			children = (
				7A1B9BD51E4C37B300DC5DBD /* 1 - Gameplay Buttons */,
				7A1B9BD91E4C37B300DC5DBD /* 2 - Options Buttons */,
				7A1B9BDF1E4C37B300DC5DBD /* 3 - Main Menu Buttons */,
			);
			path = "8 - Buttons";
			sourceTree = "<group>";
		};
		7A1B9BD51E4C37B300DC5DBD /* 1 - Gameplay Buttons */ = {
			isa = PBXGroup;
			children = (
				7A1B9BD61E4C37B300DC5DBD /* Pause Button.png */,
				7A1B9BD71E4C37B300DC5DBD /* Ready.png */,
				7A1B9BD81E4C37B300DC5DBD /* Score.png */,
			);
			path = "1 - Gameplay Buttons";
			sourceTree = "<group>";
		};
		7A1B9BD91E4C37B300DC5DBD /* 2 - Options Buttons */ = {
			isa = PBXGroup;
			children = (
				7A1B9BDA1E4C37B300DC5DBD /* Back Button.png */,
				7A1B9BDB1E4C37B300DC5DBD /* Check Sign.png */,
				7A1B9BDC1E4C37B300DC5DBD /* Easy Button.png */,
				7A1B9BDD1E4C37B300DC5DBD /* Hard Button.png */,
				7A1B9BDE1E4C37B300DC5DBD /* Medium Button.png */,
			);
			path = "2 - Options Buttons";
			sourceTree = "<group>";
		};
		7A1B9BDF1E4C37B300DC5DBD /* 3 - Main Menu Buttons */ = {
			isa = PBXGroup;
			children = (
				7A1B9BE01E4C37B300DC5DBD /* Highscore Button.png */,
				7A1B9BE11E4C37B300DC5DBD /* Music Off Button.png */,
				7A1B9BE21E4C37B300DC5DBD /* Music On Button.png */,
				7A1B9BE31E4C37B300DC5DBD /* Options Button.png */,
				7A1B9BE41E4C37B300DC5DBD /* Quit Button.png */,
				7A1B9BE51E4C37B300DC5DBD /* Start Game Button.png */,
			);
			path = "3 - Main Menu Buttons";
			sourceTree = "<group>";
		};
		7A1B9C101E4C393700DC5DBD /* Scenes */ = {
			isa = PBXGroup;
			children = (
				7A1B9C111E4C398F00DC5DBD /* GameplayScene.sks */,
				7A1B9C1A1E4C615600DC5DBD /* MainMenu.sks */,
				7A8242721E4D42930056A573 /* HignscoreScene.sks */,
			);
			name = Scenes;
			sourceTree = "<group>";
		};
		7A1B9C131E4C404100DC5DBD /* Game Classes */ = {
			isa = PBXGroup;
			children = (
				5A6996461E55A0EC00B64540 /* Calculation */,
				7A7B0E0E1E5587010034C098 /* Category Class */,
				7AC212571E54EE8100F5551C /* User Class */,
				7AC212541E54EAF600F5551C /* Supplement */,
				7AC212491E54DC8A00F5551C /* Arsenal */,
				7AC212461E54D9FD00F5551C /* Enemy Class */,
				7A1B9C171E4C493400DC5DBD /* Hero Class */,
				7A1B9C141E4C404D00DC5DBD /* Scene Classes */,
			);
			name = "Game Classes";
			sourceTree = "<group>";
		};
		7A1B9C141E4C404D00DC5DBD /* Scene Classes */ = {
			isa = PBXGroup;
			children = (
				7A1B9C151E4C40B400DC5DBD /* GameplayScene.swift */,
				7A8242701E4D3E1B0056A573 /* MainMenuScene.swift */,
			);
			name = "Scene Classes";
			sourceTree = "<group>";
		};
		7A1B9C171E4C493400DC5DBD /* Hero Class */ = {
			isa = PBXGroup;
			children = (
				7A1B9C181E4C495D00DC5DBD /* Hero.swift */,
			);
			name = "Hero Class";
			sourceTree = "<group>";
		};
		7A7B0E0E1E5587010034C098 /* Category Class */ = {
			isa = PBXGroup;
			children = (
				7A7B0E0F1E5587440034C098 /* PhysicsCategory.swift */,
			);
			name = "Category Class";
			sourceTree = "<group>";
		};
		7AC212461E54D9FD00F5551C /* Enemy Class */ = {
			isa = PBXGroup;
			children = (
				7AC212471E54DA3400F5551C /* Enemy.swift */,
			);
			name = "Enemy Class";
			sourceTree = "<group>";
		};
		7AC212491E54DC8A00F5551C /* Arsenal */ = {
			isa = PBXGroup;
			children = (
				7AC2124A1E54DF6F00F5551C /* Weapon.swift */,
				7AC2124C1E54DFCD00F5551C /* Bullet.swift */,
				7AC2124E1E54E01F00F5551C /* Missile.swift */,
				7AC212501E54E71C00F5551C /* Bomb.swift */,
				7AC212521E54E75300F5551C /* Laser.swift */,
			);
			name = Arsenal;
			sourceTree = "<group>";
		};
		7AC212541E54EAF600F5551C /* Supplement */ = {
			isa = PBXGroup;
			children = (
				7AC212551E54ECAC00F5551C /* Supplement.swift */,
			);
			name = Supplement;
			sourceTree = "<group>";
		};
		7AC212571E54EE8100F5551C /* User Class */ = {
			isa = PBXGroup;
			children = (
			);
			name = "User Class";
			sourceTree = "<group>";
		};
/* End PBXGroup section */

/* Begin PBXNativeTarget section */
		5A1BD65C1E44894500FF8A20 /* FightingWarplanes */ = {
			isa = PBXNativeTarget;
			buildConfigurationList = 5A1BD6751E44894500FF8A20 /* Build configuration list for PBXNativeTarget "FightingWarplanes" */;
			buildPhases = (
				5A1BD6591E44894500FF8A20 /* Sources */,
				5A1BD65A1E44894500FF8A20 /* Frameworks */,
				5A1BD65B1E44894500FF8A20 /* Resources */,
			);
			buildRules = (
			);
			dependencies = (
			);
			name = FightingWarplanes;
			productName = FightingWarplanes;
			productReference = 5A1BD65D1E44894500FF8A20 /* FightingWarplanes.app */;
			productType = "com.apple.product-type.application";
		};
/* End PBXNativeTarget section */

/* Begin PBXProject section */
		5A1BD6551E44894500FF8A20 /* Project object */ = {
			isa = PBXProject;
			attributes = {
				LastSwiftUpdateCheck = 0820;
				LastUpgradeCheck = 0820;
				ORGANIZATIONNAME = "Rachel Liu";
				TargetAttributes = {
					5A1BD65C1E44894500FF8A20 = {
						CreatedOnToolsVersion = 8.2.1;
						DevelopmentTeam = 6ALG84S583;
						ProvisioningStyle = Automatic;
					};
				};
			};
			buildConfigurationList = 5A1BD6581E44894500FF8A20 /* Build configuration list for PBXProject "FightingWarplanes" */;
			compatibilityVersion = "Xcode 3.2";
			developmentRegion = English;
			hasScannedForEncodings = 0;
			knownRegions = (
				en,
				Base,
			);
			mainGroup = 5A1BD6541E44894500FF8A20;
			productRefGroup = 5A1BD65E1E44894500FF8A20 /* Products */;
			projectDirPath = "";
			projectRoot = "";
			targets = (
				5A1BD65C1E44894500FF8A20 /* FightingWarplanes */,
			);
		};
/* End PBXProject section */

/* Begin PBXResourcesBuildPhase section */
		5A1BD65B1E44894500FF8A20 /* Resources */ = {
			isa = PBXResourcesBuildPhase;
			buildActionMask = 2147483647;
			files = (
				7A1B9BF81E4C37B300DC5DBD /* Dark Cloud.png in Resources */,
				7A1B9C0E1E4C37B300DC5DBD /* Quit Button.png in Resources */,
				7A1B9BEB1E4C37B300DC5DBD /* Life.png in Resources */,
				7A1B9C041E4C37B300DC5DBD /* Score.png in Resources */,
				7A1B9C121E4C398F00DC5DBD /* GameplayScene.sks in Resources */,
				7A1B9BE61E4C37B300DC5DBD /* Pause Menu.png in Resources */,
				7A1B9C091E4C37B300DC5DBD /* Medium Button.png in Resources */,
				7A1B9BFA1E4C37B300DC5DBD /* Background music.mp3 in Resources */,
				7A1B9BF21E4C37B300DC5DBD /* Player 6.png in Resources */,
				7A1B9BF11E4C37B300DC5DBD /* Player 5.png in Resources */,
				7A1B9BFC1E4C37B300DC5DBD /* Coin Sound.wav in Resources */,
				7A1B9BF71E4C37B300DC5DBD /* Cloud 3.png in Resources */,
				7A1B9C081E4C37B300DC5DBD /* Hard Button.png in Resources */,
				7A1B9BEE1E4C37B300DC5DBD /* Player 2.png in Resources */,
				7A1B9BEC1E4C37B300DC5DBD /* Player.atlas in Resources */,
				7A1B9BFB1E4C37B300DC5DBD /* Click Sound.wav in Resources */,
				7A1B9C0C1E4C37B300DC5DBD /* Music On Button.png in Resources */,
				7A8242731E4D42930056A573 /* HignscoreScene.sks in Resources */,
				5A1BD66C1E44894500FF8A20 /* Main.storyboard in Resources */,
				7A1B9C0D1E4C37B300DC5DBD /* Options Button.png in Resources */,
				7A1B9C0A1E4C37B300DC5DBD /* Highscore Button.png in Resources */,
				7A1B9BED1E4C37B300DC5DBD /* Player 1.png in Resources */,
				7A1B9BF91E4C37B300DC5DBD /* blow.ttf in Resources */,
				7A1B9C001E4C37B300DC5DBD /* Menu BG.png in Resources */,
				7A1B9C1B1E4C615600DC5DBD /* MainMenu.sks in Resources */,
				7A1B9BF41E4C37B300DC5DBD /* Player 8.png in Resources */,
				7A1B9BFD1E4C37B300DC5DBD /* Life Sound.wav in Resources */,
				7A1B9C031E4C37B300DC5DBD /* Ready.png in Resources */,
				7A1B9BE71E4C37B300DC5DBD /* Quit Button 2.png in Resources */,
				7A87E9E61E4DB3B000FCC26C /* Menu BG2.png in Resources */,
				7A1B9BFE1E4C37B300DC5DBD /* Game BG.png in Resources */,
				7A1B9BFF1E4C37B300DC5DBD /* Highscore BG.png in Resources */,
				7A1B9BE81E4C37B300DC5DBD /* Resume Button.png in Resources */,
				7A1B9BF61E4C37B300DC5DBD /* Cloud 2.png in Resources */,
				7A1B9C071E4C37B300DC5DBD /* Easy Button.png in Resources */,
				7A1B9C0F1E4C37B300DC5DBD /* Start Game Button.png in Resources */,
				7A1B9BF01E4C37B300DC5DBD /* Player 4.png in Resources */,
				7A1B9C0B1E4C37B300DC5DBD /* Music Off Button.png in Resources */,
				7A1B9BEA1E4C37B300DC5DBD /* Coin.png in Resources */,
				5A1BD66E1E44894500FF8A20 /* Assets.xcassets in Resources */,
				7A1B9C051E4C37B300DC5DBD /* Back Button.png in Resources */,
				5A1BD6711E44894500FF8A20 /* LaunchScreen.storyboard in Resources */,
				7A1B9C011E4C37B300DC5DBD /* Options BG.png in Resources */,
				7A1B9BE91E4C37B300DC5DBD /* Show Score.png in Resources */,
				7A1B9BF31E4C37B300DC5DBD /* Player 7.png in Resources */,
				7A1B9C061E4C37B300DC5DBD /* Check Sign.png in Resources */,
				7A1B9C021E4C37B300DC5DBD /* Pause Button.png in Resources */,
				7A1B9BEF1E4C37B300DC5DBD /* Player 3.png in Resources */,
				7A1B9BF51E4C37B300DC5DBD /* Cloud 1.png in Resources */,
			);
			runOnlyForDeploymentPostprocessing = 0;
		};
/* End PBXResourcesBuildPhase section */

/* Begin PBXSourcesBuildPhase section */
		5A1BD6591E44894500FF8A20 /* Sources */ = {
			isa = PBXSourcesBuildPhase;
			buildActionMask = 2147483647;
			files = (
				5A1BD6671E44894500FF8A20 /* GameScene.swift in Sources */,
				7A1B9C161E4C40B400DC5DBD /* GameplayScene.swift in Sources */,
				7AC212561E54ECAC00F5551C /* Supplement.swift in Sources */,
				5A1BD6691E44894500FF8A20 /* GameViewController.swift in Sources */,
				5A1BD6791E44AEA100FF8A20 /* GameOverScene.swift in Sources */,
				7AC2124F1E54E01F00F5551C /* Missile.swift in Sources */,
				7AC212511E54E71C00F5551C /* Bomb.swift in Sources */,
				7AC212531E54E75300F5551C /* Laser.swift in Sources */,
				7A1B9C191E4C495D00DC5DBD /* Hero.swift in Sources */,
				7AC212481E54DA3400F5551C /* Enemy.swift in Sources */,
				7A8242711E4D3E1B0056A573 /* MainMenuScene.swift in Sources */,
				5A69964A1E55A20900B64540 /* Calculation.swift in Sources */,
				7AC2124D1E54DFCD00F5551C /* Bullet.swift in Sources */,
				7A7B0E101E5587440034C098 /* PhysicsCategory.swift in Sources */,
				5A1BD6611E44894500FF8A20 /* AppDelegate.swift in Sources */,
				7AC2124B1E54DF6F00F5551C /* Weapon.swift in Sources */,
			);
			runOnlyForDeploymentPostprocessing = 0;
		};
/* End PBXSourcesBuildPhase section */

/* Begin PBXVariantGroup section */
		5A1BD66A1E44894500FF8A20 /* Main.storyboard */ = {
			isa = PBXVariantGroup;
			children = (
				5A1BD66B1E44894500FF8A20 /* Base */,
			);
			name = Main.storyboard;
			sourceTree = "<group>";
		};
		5A1BD66F1E44894500FF8A20 /* LaunchScreen.storyboard */ = {
			isa = PBXVariantGroup;
			children = (
				5A1BD6701E44894500FF8A20 /* Base */,
			);
			name = LaunchScreen.storyboard;
			sourceTree = "<group>";
		};
/* End PBXVariantGroup section */

/* Begin XCBuildConfiguration section */
		5A1BD6731E44894500FF8A20 /* Debug */ = {
			isa = XCBuildConfiguration;
			buildSettings = {
				ALWAYS_SEARCH_USER_PATHS = NO;
				CLANG_ANALYZER_NONNULL = YES;
				CLANG_CXX_LANGUAGE_STANDARD = "gnu++0x";
				CLANG_CXX_LIBRARY = "libc++";
				CLANG_ENABLE_MODULES = YES;
				CLANG_ENABLE_OBJC_ARC = YES;
				CLANG_WARN_BOOL_CONVERSION = YES;
				CLANG_WARN_CONSTANT_CONVERSION = YES;
				CLANG_WARN_DIRECT_OBJC_ISA_USAGE = YES_ERROR;
				CLANG_WARN_DOCUMENTATION_COMMENTS = YES;
				CLANG_WARN_EMPTY_BODY = YES;
				CLANG_WARN_ENUM_CONVERSION = YES;
				CLANG_WARN_INFINITE_RECURSION = YES;
				CLANG_WARN_INT_CONVERSION = YES;
				CLANG_WARN_OBJC_ROOT_CLASS = YES_ERROR;
				CLANG_WARN_SUSPICIOUS_MOVE = YES;
				CLANG_WARN_UNREACHABLE_CODE = YES;
				CLANG_WARN__DUPLICATE_METHOD_MATCH = YES;
				"CODE_SIGN_IDENTITY[sdk=iphoneos*]" = "iPhone Developer";
				COPY_PHASE_STRIP = NO;
				DEBUG_INFORMATION_FORMAT = dwarf;
				ENABLE_STRICT_OBJC_MSGSEND = YES;
				ENABLE_TESTABILITY = YES;
				GCC_C_LANGUAGE_STANDARD = gnu99;
				GCC_DYNAMIC_NO_PIC = NO;
				GCC_NO_COMMON_BLOCKS = YES;
				GCC_OPTIMIZATION_LEVEL = 0;
				GCC_PREPROCESSOR_DEFINITIONS = (
					"DEBUG=1",
					"$(inherited)",
				);
				GCC_WARN_64_TO_32_BIT_CONVERSION = YES;
				GCC_WARN_ABOUT_RETURN_TYPE = YES_ERROR;
				GCC_WARN_UNDECLARED_SELECTOR = YES;
				GCC_WARN_UNINITIALIZED_AUTOS = YES_AGGRESSIVE;
				GCC_WARN_UNUSED_FUNCTION = YES;
				GCC_WARN_UNUSED_VARIABLE = YES;
				IPHONEOS_DEPLOYMENT_TARGET = 10.2;
				MTL_ENABLE_DEBUG_INFO = YES;
				ONLY_ACTIVE_ARCH = YES;
				SDKROOT = iphoneos;
				SWIFT_ACTIVE_COMPILATION_CONDITIONS = DEBUG;
				SWIFT_OPTIMIZATION_LEVEL = "-Onone";
			};
			name = Debug;
		};
		5A1BD6741E44894500FF8A20 /* Release */ = {
			isa = XCBuildConfiguration;
			buildSettings = {
				ALWAYS_SEARCH_USER_PATHS = NO;
				CLANG_ANALYZER_NONNULL = YES;
				CLANG_CXX_LANGUAGE_STANDARD = "gnu++0x";
				CLANG_CXX_LIBRARY = "libc++";
				CLANG_ENABLE_MODULES = YES;
				CLANG_ENABLE_OBJC_ARC = YES;
				CLANG_WARN_BOOL_CONVERSION = YES;
				CLANG_WARN_CONSTANT_CONVERSION = YES;
				CLANG_WARN_DIRECT_OBJC_ISA_USAGE = YES_ERROR;
				CLANG_WARN_DOCUMENTATION_COMMENTS = YES;
				CLANG_WARN_EMPTY_BODY = YES;
				CLANG_WARN_ENUM_CONVERSION = YES;
				CLANG_WARN_INFINITE_RECURSION = YES;
				CLANG_WARN_INT_CONVERSION = YES;
				CLANG_WARN_OBJC_ROOT_CLASS = YES_ERROR;
				CLANG_WARN_SUSPICIOUS_MOVE = YES;
				CLANG_WARN_UNREACHABLE_CODE = YES;
				CLANG_WARN__DUPLICATE_METHOD_MATCH = YES;
				"CODE_SIGN_IDENTITY[sdk=iphoneos*]" = "iPhone Developer";
				COPY_PHASE_STRIP = NO;
				DEBUG_INFORMATION_FORMAT = "dwarf-with-dsym";
				ENABLE_NS_ASSERTIONS = NO;
				ENABLE_STRICT_OBJC_MSGSEND = YES;
				GCC_C_LANGUAGE_STANDARD = gnu99;
				GCC_NO_COMMON_BLOCKS = YES;
				GCC_WARN_64_TO_32_BIT_CONVERSION = YES;
				GCC_WARN_ABOUT_RETURN_TYPE = YES_ERROR;
				GCC_WARN_UNDECLARED_SELECTOR = YES;
				GCC_WARN_UNINITIALIZED_AUTOS = YES_AGGRESSIVE;
				GCC_WARN_UNUSED_FUNCTION = YES;
				GCC_WARN_UNUSED_VARIABLE = YES;
				IPHONEOS_DEPLOYMENT_TARGET = 10.2;
				MTL_ENABLE_DEBUG_INFO = NO;
				SDKROOT = iphoneos;
				SWIFT_OPTIMIZATION_LEVEL = "-Owholemodule";
				VALIDATE_PRODUCT = YES;
			};
			name = Release;
		};
		5A1BD6761E44894500FF8A20 /* Debug */ = {
			isa = XCBuildConfiguration;
			buildSettings = {
				ASSETCATALOG_COMPILER_APPICON_NAME = AppIcon;
				DEVELOPMENT_TEAM = 6ALG84S583;
				INFOPLIST_FILE = FightingWarplanes/Info.plist;
				LD_RUNPATH_SEARCH_PATHS = "$(inherited) @executable_path/Frameworks";
				PRODUCT_BUNDLE_IDENTIFIER = lei001.FightingWarplanes;
				PRODUCT_NAME = "$(TARGET_NAME)";
				SWIFT_VERSION = 3.0;
			};
			name = Debug;
		};
		5A1BD6771E44894500FF8A20 /* Release */ = {
			isa = XCBuildConfiguration;
			buildSettings = {
				ASSETCATALOG_COMPILER_APPICON_NAME = AppIcon;
				DEVELOPMENT_TEAM = 6ALG84S583;
				INFOPLIST_FILE = FightingWarplanes/Info.plist;
				LD_RUNPATH_SEARCH_PATHS = "$(inherited) @executable_path/Frameworks";
				PRODUCT_BUNDLE_IDENTIFIER = lei001.FightingWarplanes;
				PRODUCT_NAME = "$(TARGET_NAME)";
				SWIFT_VERSION = 3.0;
			};
			name = Release;
		};
/* End XCBuildConfiguration section */

/* Begin XCConfigurationList section */
		5A1BD6581E44894500FF8A20 /* Build configuration list for PBXProject "FightingWarplanes" */ = {
			isa = XCConfigurationList;
			buildConfigurations = (
				5A1BD6731E44894500FF8A20 /* Debug */,
				5A1BD6741E44894500FF8A20 /* Release */,
			);
			defaultConfigurationIsVisible = 0;
			defaultConfigurationName = Release;
		};
		5A1BD6751E44894500FF8A20 /* Build configuration list for PBXNativeTarget "FightingWarplanes" */ = {
			isa = XCConfigurationList;
			buildConfigurations = (
				5A1BD6761E44894500FF8A20 /* Debug */,
				5A1BD6771E44894500FF8A20 /* Release */,
			);
			defaultConfigurationIsVisible = 0;
			defaultConfigurationName = Release;
		};
/* End XCConfigurationList section */
	};
	rootObject = 5A1BD6551E44894500FF8A20 /* Project object */;
}
